// !$*UTF8*$!
{
	archiveVersion = 1;
	classes = {
	};
	objectVersion = 77;
	objects = {

/* Begin PBXBuildFile section */
		4D699754BF178521A0CC4B89 /* HangulJamoExploder.swift in Sources */ = {isa = PBXBuildFile; fileRef = EE34726A34818284142181E7 /* HangulJamoExploder.swift */; };
		719A3CEDA617CE7B421CB3E9 /* LetterHint.swift in Sources */ = {isa = PBXBuildFile; fileRef = 8CC7A4C4C5BBD4A8E6E13331 /* LetterHint.swift */; };
		75BC855A03E046A894D34A09 /* HangulSyllable.swift in Sources */ = {isa = PBXBuildFile; fileRef = 2BC9A4434CC837F87DA4F52D /* HangulSyllable.swift */; };
		89C3C69C3010C0570072E066 /* Assets.xcassets in Resources */ = {isa = PBXBuildFile; fileRef = 89C3C6983010C0570072E066 /* Assets.xcassets */; };
		89C3C69D3010C0570072E066 /* ContentView.swift in Sources */ = {isa = PBXBuildFile; fileRef = 89C3C6993010C0570072E066 /* ContentView.swift */; };
		89C3C69E3010C0570072E066 /* KkodleApp.swift in Sources */ = {isa = PBXBuildFile; fileRef = 89C3C69A3010C0570072E066 /* KkodleApp.swift */; };
		F47F7D4E783B3B20C10D80E6 /* WordComparer.swift in Sources */ = {isa = PBXBuildFile; fileRef = 6B63824BB331399522445215 /* WordComparer.swift */; };
		7A912BC826E4411B81E4E3DD /* HangulAtomizer.swift in Sources */ = {isa = PBXBuildFile; fileRef = 3C185390A4BA44B0A96500F0 /* HangulAtomizer.swift */; };
		CE64AA9AD5C540559A38EE67 /* HangulComposer.swift in Sources */ = {isa = PBXBuildFile; fileRef = 513A5BBCCC5D4769A4995A95 /* HangulComposer.swift */; };
		174284B831AE40A09FFAFC92 /* GameViewModel.swift in Sources */ = {isa = PBXBuildFile; fileRef = 8EA8F9FFF2394700AD213C4B /* GameViewModel.swift */; };
		EEACBEAF519245B49CC448CE /* GameGridView.swift in Sources */ = {isa = PBXBuildFile; fileRef = C9687487A8FB4885935FF914 /* GameGridView.swift */; };
		AFDCC16D4C85459DA4AC30EC /* GameKeyboardView.swift in Sources */ = {isa = PBXBuildFile; fileRef = 5E9ACE5784FD4442B6471E83 /* GameKeyboardView.swift */; };
/* End PBXBuildFile section */

/* Begin PBXFileReference section */
		2BC9A4434CC837F87DA4F52D /* HangulSyllable.swift */ = {isa = PBXFileReference; lastKnownFileType = sourcecode.swift; path = HangulSyllable.swift; sourceTree = "<group>"; };
		6B63824BB331399522445215 /* WordComparer.swift */ = {isa = PBXFileReference; lastKnownFileType = sourcecode.swift; path = WordComparer.swift; sourceTree = "<group>"; };
		3C185390A4BA44B0A96500F0 /* HangulAtomizer.swift */ = {isa = PBXFileReference; lastKnownFileType = sourcecode.swift; path = HangulAtomizer.swift; sourceTree = "<group>"; };
		513A5BBCCC5D4769A4995A95 /* HangulComposer.swift */ = {isa = PBXFileReference; lastKnownFileType = sourcecode.swift; path = HangulComposer.swift; sourceTree = "<group>"; };
		8EA8F9FFF2394700AD213C4B /* GameViewModel.swift */ = {isa = PBXFileReference; lastKnownFileType = sourcecode.swift; path = GameViewModel.swift; sourceTree = "<group>"; };
		C9687487A8FB4885935FF914 /* GameGridView.swift */ = {isa = PBXFileReference; lastKnownFileType = sourcecode.swift; path = GameGridView.swift; sourceTree = "<group>"; };
		5E9ACE5784FD4442B6471E83 /* GameKeyboardView.swift */ = {isa = PBXFileReference; lastKnownFileType = sourcecode.swift; path = GameKeyboardView.swift; sourceTree = "<group>"; };
		89C3C6843010B6BC0072E066 /* Kkodle.app */ = {isa = PBXFileReference; explicitFileType = wrapper.application; includeInIndex = 0; path = Kkodle.app; sourceTree = BUILT_PRODUCTS_DIR; };
		89C3C6983010C0570072E066 /* Assets.xcassets */ = {isa = PBXFileReference; lastKnownFileType = folder.assetcatalog; path = Assets.xcassets; sourceTree = "<group>"; };
		89C3C6993010C0570072E066 /* ContentView.swift */ = {isa = PBXFileReference; lastKnownFileType = sourcecode.swift; path = ContentView.swift; sourceTree = "<group>"; };
		89C3C69A3010C0570072E066 /* KkodleApp.swift */ = {isa = PBXFileReference; lastKnownFileType = sourcecode.swift; path = KkodleApp.swift; sourceTree = "<group>"; };
		8CC7A4C4C5BBD4A8E6E13331 /* LetterHint.swift */ = {isa = PBXFileReference; lastKnownFileType = sourcecode.swift; path = LetterHint.swift; sourceTree = "<group>"; };
		EE34726A34818284142181E7 /* HangulJamoExploder.swift */ = {isa = PBXFileReference; lastKnownFileType = sourcecode.swift; path = HangulJamoExploder.swift; sourceTree = "<group>"; };
/* End PBXFileReference section */

/* Begin PBXFrameworksBuildPhase section */
		89C3C6813010B6BC0072E066 /* Frameworks */ = {
			isa = PBXFrameworksBuildPhase;
			buildActionMask = 2147483647;
			files = (
			);
			runOnlyForDeploymentPostprocessing = 0;
		};
/* End PBXFrameworksBuildPhase section */

/* Begin PBXGroup section */
		6D888F215582A7B03DB2239B /* Core */ = {
			isa = PBXGroup;
			children = (
				2BC9A4434CC837F87DA4F52D /* HangulSyllable.swift */,
				EE34726A34818284142181E7 /* HangulJamoExploder.swift */,
				8CC7A4C4C5BBD4A8E6E13331 /* LetterHint.swift */,
				6B63824BB331399522445215 /* WordComparer.swift */,
				3C185390A4BA44B0A96500F0 /* HangulAtomizer.swift */,
				513A5BBCCC5D4769A4995A95 /* HangulComposer.swift */,
			);
			path = Core;
			sourceTree = "<group>";
		};
		28E6397F8BA046DAAF48CDF5 /* Game */ = {
			isa = PBXGroup;
			children = (
				8EA8F9FFF2394700AD213C4B /* GameViewModel.swift */,
				C9687487A8FB4885935FF914 /* GameGridView.swift */,
				5E9ACE5784FD4442B6471E83 /* GameKeyboardView.swift */,
			);
			path = Game;
			sourceTree = "<group>";
		};
		B127E47838CA41AAB9537C54 /* Features */ = {
			isa = PBXGroup;
			children = (
				28E6397F8BA046DAAF48CDF5 /* Game */,
			);
			path = Features;
			sourceTree = "<group>";
		};
		89C3C67B3010B6BC0072E066 = {
			isa = PBXGroup;
			children = (
				89C3C69B3010C0570072E066 /* Kkodle */,
				89C3C6853010B6BC0072E066 /* Products */,
			);
			sourceTree = "<group>";
		};
		89C3C6853010B6BC0072E066 /* Products */ = {
			isa = PBXGroup;
			children = (
				89C3C6843010B6BC0072E066 /* Kkodle.app */,
			);
			name = Products;
			sourceTree = "<group>";
		};
		89C3C69B3010C0570072E066 /* Kkodle */ = {
			isa = PBXGroup;
			children = (
				89C3C6983010C0570072E066 /* Assets.xcassets */,
				89C3C6993010C0570072E066 /* ContentView.swift */,
				89C3C69A3010C0570072E066 /* KkodleApp.swift */,
				6D888F215582A7B03DB2239B /* Core */,
				B127E47838CA41AAB9537C54 /* Features */,
			);
			path = Kkodle;
			sourceTree = "<group>";
		};
/* End PBXGroup section */

/* Begin PBXNativeTarget section */
		89C3C6833010B6BC0072E066 /* Kkodle */ = {
			isa = PBXNativeTarget;
			buildConfigurationList = 89C3C68F3010B6BE0072E066 /* Build configuration list for PBXNativeTarget "Kkodle" */;
			buildPhases = (
				89C3C6803010B6BC0072E066 /* Sources */,
				89C3C6813010B6BC0072E066 /* Frameworks */,
				89C3C6823010B6BC0072E066 /* Resources */,
			);
			buildRules = (
			);
			dependencies = (
			);
			name = Kkodle;
			packageProductDependencies = (
			);
			productName = Kkodle;
			productReference = 89C3C6843010B6BC0072E066 /* Kkodle.app */;
			productType = "com.apple.product-type.application";
		};
/* End PBXNativeTarget section */

/* Begin PBXProject section */
		89C3C67C3010B6BC0072E066 /* Project object */ = {
			isa = PBXProject;
			attributes = {
				BuildIndependentTargetsInParallel = 1;
				LastSwiftUpdateCheck = 2660;
				LastUpgradeCheck = 2660;
				TargetAttributes = {
					89C3C6833010B6BC0072E066 = {
						CreatedOnToolsVersion = 26.6;
					};
				};
			};
			buildConfigurationList = 89C3C67F3010B6BC0072E066 /* Build configuration list for PBXProject "Kkodle" */;
			developmentRegion = en;
			hasScannedForEncodings = 0;
			knownRegions = (
				en,
				Base,
			);
			mainGroup = 89C3C67B3010B6BC0072E066;
			minimizedProjectReferenceProxies = 1;
			preferredProjectObjectVersion = 77;
			productRefGroup = 89C3C6853010B6BC0072E066 /* Products */;
			projectDirPath = "";
			projectRoot = "";
			targets = (
				89C3C6833010B6BC0072E066 /* Kkodle */,
			);
		};
/* End PBXProject section */

/* Begin PBXResourcesBuildPhase section */
		89C3C6823010B6BC0072E066 /* Resources */ = {
			isa = PBXResourcesBuildPhase;
			buildActionMask = 2147483647;
			files = (
				89C3C69C3010C0570072E066 /* Assets.xcassets in Resources */,
			);
			runOnlyForDeploymentPostprocessing = 0;
		};
/* End PBXResourcesBuildPhase section */

/* Begin PBXSourcesBuildPhase section */
		89C3C6803010B6BC0072E066 /* Sources */ = {
			isa = PBXSourcesBuildPhase;
			buildActionMask = 2147483647;
			files = (
				89C3C69D3010C0570072E066 /* ContentView.swift in Sources */,
				89C3C69E3010C0570072E066 /* KkodleApp.swift in Sources */,
				75BC855A03E046A894D34A09 /* HangulSyllable.swift in Sources */,
				4D699754BF178521A0CC4B89 /* HangulJamoExploder.swift in Sources */,
				719A3CEDA617CE7B421CB3E9 /* LetterHint.swift in Sources */,
				F47F7D4E783B3B20C10D80E6 /* WordComparer.swift in Sources */,
				7A912BC826E4411B81E4E3DD /* HangulAtomizer.swift in Sources */,
				CE64AA9AD5C540559A38EE67 /* HangulComposer.swift in Sources */,
				174284B831AE40A09FFAFC92 /* GameViewModel.swift in Sources */,
				EEACBEAF519245B49CC448CE /* GameGridView.swift in Sources */,
				AFDCC16D4C85459DA4AC30EC /* GameKeyboardView.swift in Sources */,
			);
			runOnlyForDeploymentPostprocessing = 0;
		};
/* End PBXSourcesBuildPhase section */

/* Begin XCBuildConfiguration section */
		89C3C68D3010B6BE0072E066 /* Debug */ = {
			isa = XCBuildConfiguration;
			buildSettings = {
				ALWAYS_SEARCH_USER_PATHS = NO;
				ASSETCATALOG_COMPILER_GENERATE_SWIFT_ASSET_SYMBOL_EXTENSIONS = YES;
				CLANG_ANALYZER_NONNULL = YES;
				CLANG_ANALYZER_NUMBER_OBJECT_CONVERSION = YES_AGGRESSIVE;
				CLANG_CXX_LANGUAGE_STANDARD = "gnu++20";
				CLANG_ENABLE_MODULES = YES;
				CLANG_ENABLE_OBJC_ARC = YES;
				CLANG_ENABLE_OBJC_WEAK = YES;
				CLANG_WARN_BLOCK_CAPTURE_AUTORELEASING = YES;
				CLANG_WARN_BOOL_CONVERSION = YES;
				CLANG_WARN_COMMA = YES;
				CLANG_WARN_CONSTANT_CONVERSION = YES;
				CLANG_WARN_DEPRECATED_OBJC_IMPLEMENTATIONS = YES;
				CLANG_WARN_DIRECT_OBJC_ISA_USAGE = YES_ERROR;
				CLANG_WARN_DOCUMENTATION_COMMENTS = YES;
				CLANG_WARN_EMPTY_BODY = YES;
				CLANG_WARN_ENUM_CONVERSION = YES;
				CLANG_WARN_INFINITE_RECURSION = YES;
				CLANG_WARN_INT_CONVERSION = YES;
				CLANG_WARN_NON_LITERAL_NULL_CONVERSION = YES;
				CLANG_WARN_OBJC_IMPLICIT_RETAIN_SELF = YES;
				CLANG_WARN_OBJC_LITERAL_CONVERSION = YES;
				CLANG_WARN_OBJC_ROOT_CLASS = YES_ERROR;
				CLANG_WARN_QUOTED_INCLUDE_IN_FRAMEWORK_HEADER = YES;
				CLANG_WARN_RANGE_LOOP_ANALYSIS = YES;
				CLANG_WARN_STRICT_PROTOTYPES = YES;
				CLANG_WARN_SUSPICIOUS_MOVE = YES;
				CLANG_WARN_UNGUARDED_AVAILABILITY = YES_AGGRESSIVE;
				CLANG_WARN_UNREACHABLE_CODE = YES;
				CLANG_WARN__DUPLICATE_METHOD_MATCH = YES;
				COPY_PHASE_STRIP = NO;
				DEBUG_INFORMATION_FORMAT = dwarf;
				ENABLE_STRICT_OBJC_MSGSEND = YES;
				ENABLE_TESTABILITY = YES;
				ENABLE_USER_SCRIPT_SANDBOXING = YES;
				GCC_C_LANGUAGE_STANDARD = gnu17;
				GCC_DYNAMIC_NO_PIC = NO;
				GCC_NO_COMMON_BLOCKS = YES;
				GCC_OPTIMIZATION_LEVEL = 0;
				GCC_PREPROCESSOR_DEFINITIONS = (
					"DEBUG=1",
					"$(inherited)",
				);
				GCC_WARN_64_TO_32_BIT_CONVERSION = YES;
				GCC_WARN_ABOUT_RETURN_TYPE = YES_ERROR;
				GCC_WARN_UNDECLARED_SELECTOR = YES;
				GCC_WARN_UNINITIALIZED_AUTOS = YES_AGGRESSIVE;
				GCC_WARN_UNUSED_FUNCTION = YES;
				GCC_WARN_UNUSED_VARIABLE = YES;
				IPHONEOS_DEPLOYMENT_TARGET = 26.5;
				LOCALIZATION_PREFERS_STRING_CATALOGS = YES;
				MTL_ENABLE_DEBUG_INFO = INCLUDE_SOURCE;
				MTL_FAST_MATH = YES;
				ONLY_ACTIVE_ARCH = YES;
				SDKROOT = iphoneos;
				SWIFT_ACTIVE_COMPILATION_CONDITIONS = "DEBUG $(inherited)";
				SWIFT_OPTIMIZATION_LEVEL = "-Onone";
			};
			name = Debug;
		};
		89C3C68E3010B6BE0072E066 /* Release */ = {
			isa = XCBuildConfiguration;
			buildSettings = {
				ALWAYS_SEARCH_USER_PATHS = NO;
				ASSETCATALOG_COMPILER_GENERATE_SWIFT_ASSET_SYMBOL_EXTENSIONS = YES;
				CLANG_ANALYZER_NONNULL = YES;
				CLANG_ANALYZER_NUMBER_OBJECT_CONVERSION = YES_AGGRESSIVE;
				CLANG_CXX_LANGUAGE_STANDARD = "gnu++20";
				CLANG_ENABLE_MODULES = YES;
				CLANG_ENABLE_OBJC_ARC = YES;
				CLANG_ENABLE_OBJC_WEAK = YES;
				CLANG_WARN_BLOCK_CAPTURE_AUTORELEASING = YES;
				CLANG_WARN_BOOL_CONVERSION = YES;
				CLANG_WARN_COMMA = YES;
				CLANG_WARN_CONSTANT_CONVERSION = YES;
				CLANG_WARN_DEPRECATED_OBJC_IMPLEMENTATIONS = YES;
				CLANG_WARN_DIRECT_OBJC_ISA_USAGE = YES_ERROR;
				CLANG_WARN_DOCUMENTATION_COMMENTS = YES;
				CLANG_WARN_EMPTY_BODY = YES;
				CLANG_WARN_ENUM_CONVERSION = YES;
				CLANG_WARN_INFINITE_RECURSION = YES;
				CLANG_WARN_INT_CONVERSION = YES;
				CLANG_WARN_NON_LITERAL_NULL_CONVERSION = YES;
				CLANG_WARN_OBJC_IMPLICIT_RETAIN_SELF = YES;
				CLANG_WARN_OBJC_LITERAL_CONVERSION = YES;
				CLANG_WARN_OBJC_ROOT_CLASS = YES_ERROR;
				CLANG_WARN_QUOTED_INCLUDE_IN_FRAMEWORK_HEADER = YES;
				CLANG_WARN_RANGE_LOOP_ANALYSIS = YES;
				CLANG_WARN_STRICT_PROTOTYPES = YES;
				CLANG_WARN_SUSPICIOUS_MOVE = YES;
				CLANG_WARN_UNGUARDED_AVAILABILITY = YES_AGGRESSIVE;
				CLANG_WARN_UNREACHABLE_CODE = YES;
				CLANG_WARN__DUPLICATE_METHOD_MATCH = YES;
				COPY_PHASE_STRIP = NO;
				DEBUG_INFORMATION_FORMAT = "dwarf-with-dsym";
				ENABLE_NS_ASSERTIONS = NO;
				ENABLE_STRICT_OBJC_MSGSEND = YES;
				ENABLE_USER_SCRIPT_SANDBOXING = YES;
				GCC_C_LANGUAGE_STANDARD = gnu17;
				GCC_NO_COMMON_BLOCKS = YES;
				GCC_WARN_64_TO_32_BIT_CONVERSION = YES;
				GCC_WARN_ABOUT_RETURN_TYPE = YES_ERROR;
				GCC_WARN_UNDECLARED_SELECTOR = YES;
				GCC_WARN_UNINITIALIZED_AUTOS = YES_AGGRESSIVE;
				GCC_WARN_UNUSED_FUNCTION = YES;
				GCC_WARN_UNUSED_VARIABLE = YES;
				IPHONEOS_DEPLOYMENT_TARGET = 26.5;
				LOCALIZATION_PREFERS_STRING_CATALOGS = YES;
				MTL_ENABLE_DEBUG_INFO = NO;
				MTL_FAST_MATH = YES;
				SDKROOT = iphoneos;
				SWIFT_COMPILATION_MODE = wholemodule;
				VALIDATE_PRODUCT = YES;
			};
			name = Release;
		};
		89C3C6903010B6BE0072E066 /* Debug */ = {
			isa = XCBuildConfiguration;
			buildSettings = {
				ASSETCATALOG_COMPILER_APPICON_NAME = AppIcon;
				ASSETCATALOG_COMPILER_GLOBAL_ACCENT_COLOR_NAME = AccentColor;
				CODE_SIGN_STYLE = Automatic;
				CURRENT_PROJECT_VERSION = 1;
				DEVELOPMENT_TEAM = K4Y3BP25BV;
				ENABLE_PREVIEWS = YES;
				GENERATE_INFOPLIST_FILE = YES;
				INFOPLIST_KEY_UIApplicationSceneManifest_Generation = YES;
				INFOPLIST_KEY_UIApplicationSupportsIndirectInputEvents = YES;
				INFOPLIST_KEY_UILaunchScreen_Generation = YES;
				INFOPLIST_KEY_UISupportedInterfaceOrientations_iPad = "UIInterfaceOrientationPortrait UIInterfaceOrientationPortraitUpsideDown UIInterfaceOrientationLandscapeLeft UIInterfaceOrientationLandscapeRight";
				INFOPLIST_KEY_UISupportedInterfaceOrientations_iPhone = "UIInterfaceOrientationPortrait UIInterfaceOrientationLandscapeLeft UIInterfaceOrientationLandscapeRight";
				LD_RUNPATH_SEARCH_PATHS = (
					"$(inherited)",
					"@executable_path/Frameworks",
				);
				MARKETING_VERSION = 1.0;
				PRODUCT_BUNDLE_IDENTIFIER = com.jang.Kkodle;
				PRODUCT_NAME = "$(TARGET_NAME)";
				STRING_CATALOG_GENERATE_SYMBOLS = YES;
				SWIFT_APPROACHABLE_CONCURRENCY = YES;
				SWIFT_DEFAULT_ACTOR_ISOLATION = MainActor;
				SWIFT_EMIT_LOC_STRINGS = YES;
				SWIFT_UPCOMING_FEATURE_MEMBER_IMPORT_VISIBILITY = YES;
				SWIFT_VERSION = 5.0;
				TARGETED_DEVICE_FAMILY = "1,2";
			};
			name = Debug;
		};
		89C3C6913010B6BE0072E066 /* Release */ = {
			isa = XCBuildConfiguration;
			buildSettings = {
				ASSETCATALOG_COMPILER_APPICON_NAME = AppIcon;
				ASSETCATALOG_COMPILER_GLOBAL_ACCENT_COLOR_NAME = AccentColor;
				CODE_SIGN_STYLE = Automatic;
				CURRENT_PROJECT_VERSION = 1;
				DEVELOPMENT_TEAM = K4Y3BP25BV;
				ENABLE_PREVIEWS = YES;
				GENERATE_INFOPLIST_FILE = YES;
				INFOPLIST_KEY_UIApplicationSceneManifest_Generation = YES;
				INFOPLIST_KEY_UIApplicationSupportsIndirectInputEvents = YES;
				INFOPLIST_KEY_UILaunchScreen_Generation = YES;
				INFOPLIST_KEY_UISupportedInterfaceOrientations_iPad = "UIInterfaceOrientationPortrait UIInterfaceOrientationPortraitUpsideDown UIInterfaceOrientationLandscapeLeft UIInterfaceOrientationLandscapeRight";
				INFOPLIST_KEY_UISupportedInterfaceOrientations_iPhone = "UIInterfaceOrientationPortrait UIInterfaceOrientationLandscapeLeft UIInterfaceOrientationLandscapeRight";
				LD_RUNPATH_SEARCH_PATHS = (
					"$(inherited)",
					"@executable_path/Frameworks",
				);
				MARKETING_VERSION = 1.0;
				PRODUCT_BUNDLE_IDENTIFIER = com.jang.Kkodle;
				PRODUCT_NAME = "$(TARGET_NAME)";
				STRING_CATALOG_GENERATE_SYMBOLS = YES;
				SWIFT_APPROACHABLE_CONCURRENCY = YES;
				SWIFT_DEFAULT_ACTOR_ISOLATION = MainActor;
				SWIFT_EMIT_LOC_STRINGS = YES;
				SWIFT_UPCOMING_FEATURE_MEMBER_IMPORT_VISIBILITY = YES;
				SWIFT_VERSION = 5.0;
				TARGETED_DEVICE_FAMILY = "1,2";
			};
			name = Release;
		};
/* End XCBuildConfiguration section */

/* Begin XCConfigurationList section */
		89C3C67F3010B6BC0072E066 /* Build configuration list for PBXProject "Kkodle" */ = {
			isa = XCConfigurationList;
			buildConfigurations = (
				89C3C68D3010B6BE0072E066 /* Debug */,
				89C3C68E3010B6BE0072E066 /* Release */,
			);
			defaultConfigurationIsVisible = 0;
			defaultConfigurationName = Release;
		};
		89C3C68F3010B6BE0072E066 /* Build configuration list for PBXNativeTarget "Kkodle" */ = {
			isa = XCConfigurationList;
			buildConfigurations = (
				89C3C6903010B6BE0072E066 /* Debug */,
				89C3C6913010B6BE0072E066 /* Release */,
			);
			defaultConfigurationIsVisible = 0;
			defaultConfigurationName = Release;
		};
/* End XCConfigurationList section */
	};
	rootObject = 89C3C67C3010B6BC0072E066 /* Project object */;
}
