// !$*UTF8*$!
{
	archiveVersion = 1;
	classes = {
	};
	objectVersion = 77;
	objects = {

/* Begin PBXBuildFile section */
		04415D201B434796858A450A /* HeartsStore.swift in Sources */ = {isa = PBXBuildFile; fileRef = A7E2F7E86B3A45EEA94205B2 /* HeartsStore.swift */; };
		E0507F07E1AD4E5CAC7CF7F5 /* AuthService.swift in Sources */ = {isa = PBXBuildFile; fileRef = 585BFF422BA5468F939ECED8 /* AuthService.swift */; };
		CA270D68CBFF4117B041339B /* BattleRoomState.swift in Sources */ = {isa = PBXBuildFile; fileRef = FDD7CB42E8B947F98431EA91 /* BattleRoomState.swift */; };
		D9ACEB7DAAAE442185FC0D07 /* BattleRoomService.swift in Sources */ = {isa = PBXBuildFile; fileRef = FAF1A5C475D14139A4BC21B7 /* BattleRoomService.swift */; };
		174284B831AE40A09FFAFC92 /* GameViewModel.swift in Sources */ = {isa = PBXBuildFile; fileRef = 8EA8F9FFF2394700AD213C4B /* GameViewModel.swift */; };
		25C53C8790984E00AF165AC8 /* TimeAttackHighScoreStore.swift in Sources */ = {isa = PBXBuildFile; fileRef = 3CB72979AB084C0ABBCAFEA7 /* TimeAttackHighScoreStore.swift */; };
		4077BDE0644D4B2C8CE767A0 /* TimeAttackModeView.swift in Sources */ = {isa = PBXBuildFile; fileRef = 5DCC65C0EFC143AFBCA620D9 /* TimeAttackModeView.swift */; };
		4D699754BF178521A0CC4B89 /* HangulJamoExploder.swift in Sources */ = {isa = PBXBuildFile; fileRef = EE34726A34818284142181E7 /* HangulJamoExploder.swift */; };
		648B046F17924B6F8CCB5A4E /* answers_5.json in Resources */ = {isa = PBXBuildFile; fileRef = 768FDE2AFCDD4E73A52CBD72 /* answers_5.json */; };
		719A3CEDA617CE7B421CB3E9 /* LetterHint.swift in Sources */ = {isa = PBXBuildFile; fileRef = 8CC7A4C4C5BBD4A8E6E13331 /* LetterHint.swift */; };
		75BC855A03E046A894D34A09 /* HangulSyllable.swift in Sources */ = {isa = PBXBuildFile; fileRef = 2BC9A4434CC837F87DA4F52D /* HangulSyllable.swift */; };
		76D86ED7637D449B832B5F5F /* HeartsIndicatorView.swift in Sources */ = {isa = PBXBuildFile; fileRef = F004E85B75CA4850B36758A3 /* HeartsIndicatorView.swift */; };
		7A912BC826E4411B81E4E3DD /* HangulAtomizer.swift in Sources */ = {isa = PBXBuildFile; fileRef = 3C185390A4BA44B0A96500F0 /* HangulAtomizer.swift */; };
		893A3DE33028CAAD000FF826 /* GoogleService-Info.plist in Resources */ = {isa = PBXBuildFile; fileRef = 893A3DE23028CAAD000FF826 /* GoogleService-Info.plist */; };
		893A3DE63028CB61000FF826 /* FirebaseAuth in Frameworks */ = {isa = PBXBuildFile; productRef = 893A3DE53028CB61000FF826 /* FirebaseAuth */; };
		893A3DE83028CB61000FF826 /* FirebaseCore in Frameworks */ = {isa = PBXBuildFile; productRef = 893A3DE73028CB61000FF826 /* FirebaseCore */; };
		893A3DEA3028CB61000FF826 /* FirebaseDatabase in Frameworks */ = {isa = PBXBuildFile; productRef = 893A3DE93028CB61000FF826 /* FirebaseDatabase */; };
		89C3C69C3010C0570072E066 /* Assets.xcassets in Resources */ = {isa = PBXBuildFile; fileRef = 89C3C6983010C0570072E066 /* Assets.xcassets */; };
		89C3C69E3010C0570072E066 /* KkodleApp.swift in Sources */ = {isa = PBXBuildFile; fileRef = 89C3C69A3010C0570072E066 /* KkodleApp.swift */; };
		914EE66130C44FB3961AF733 /* validGuesses_5.json in Resources */ = {isa = PBXBuildFile; fileRef = 47DC8736F5D740FBA605E04C /* validGuesses_5.json */; };
		AB017CF77A5D4C41881EDC62 /* WordRepository.swift in Sources */ = {isa = PBXBuildFile; fileRef = 9C92F27DBF6F4E27A4CDE28F /* WordRepository.swift */; };
		AF33DCA08C0B45B6905EB174 /* HomeView.swift in Sources */ = {isa = PBXBuildFile; fileRef = 3BE3E5E791834C4DBBDAB406 /* HomeView.swift */; };
		AFDCC16D4C85459DA4AC30EC /* GameKeyboardView.swift in Sources */ = {isa = PBXBuildFile; fileRef = 5E9ACE5784FD4442B6471E83 /* GameKeyboardView.swift */; };
		B870CEBFCAB14979A884BC79 /* EndlessModeView.swift in Sources */ = {isa = PBXBuildFile; fileRef = C8BBB122289A4F718AFD8198 /* EndlessModeView.swift */; };
		BF62A211F32940E69EB3086C /* TimeAttackGameViewModel.swift in Sources */ = {isa = PBXBuildFile; fileRef = 25EBFEDE485C42E888EC3B2A /* TimeAttackGameViewModel.swift */; };
		CE64AA9AD5C540559A38EE67 /* HangulComposer.swift in Sources */ = {isa = PBXBuildFile; fileRef = 513A5BBCCC5D4769A4995A95 /* HangulComposer.swift */; };
		E15CFA82C6D7493F9E924FB6 /* EndlessGameViewModel.swift in Sources */ = {isa = PBXBuildFile; fileRef = 3D3A62FCBBCA4FA1B8853D7D /* EndlessGameViewModel.swift */; };
		E966AE57062B43129274A566 /* DailyWordProgressStore.swift in Sources */ = {isa = PBXBuildFile; fileRef = 3127C523BDBC4C4D8F20791C /* DailyWordProgressStore.swift */; };
		EEACBEAF519245B49CC448CE /* GameGridView.swift in Sources */ = {isa = PBXBuildFile; fileRef = C9687487A8FB4885935FF914 /* GameGridView.swift */; };
		F2D70F5526024CBF96367B10 /* DailyWordView.swift in Sources */ = {isa = PBXBuildFile; fileRef = 03E94EF25DB044EEBD3DFB2F /* DailyWordView.swift */; };
		F47F7D4E783B3B20C10D80E6 /* WordComparer.swift in Sources */ = {isa = PBXBuildFile; fileRef = 6B63824BB331399522445215 /* WordComparer.swift */; };
		F90FD21C25DD4244902236B5 /* EndlessHighScoreStore.swift in Sources */ = {isa = PBXBuildFile; fileRef = 0914B65A265243698CD603D1 /* EndlessHighScoreStore.swift */; };
		FEB31ABF2DEF41FB8E66CDC7 /* GameResultOverlay.swift in Sources */ = {isa = PBXBuildFile; fileRef = 1990422750D74195BA6CB6B8 /* GameResultOverlay.swift */; };
/* End PBXBuildFile section */

/* Begin PBXFileReference section */
		03E94EF25DB044EEBD3DFB2F /* DailyWordView.swift */ = {isa = PBXFileReference; lastKnownFileType = sourcecode.swift; path = DailyWordView.swift; sourceTree = "<group>"; };
		0914B65A265243698CD603D1 /* EndlessHighScoreStore.swift */ = {isa = PBXFileReference; lastKnownFileType = sourcecode.swift; path = EndlessHighScoreStore.swift; sourceTree = "<group>"; };
		1990422750D74195BA6CB6B8 /* GameResultOverlay.swift */ = {isa = PBXFileReference; lastKnownFileType = sourcecode.swift; path = GameResultOverlay.swift; sourceTree = "<group>"; };
		25EBFEDE485C42E888EC3B2A /* TimeAttackGameViewModel.swift */ = {isa = PBXFileReference; lastKnownFileType = sourcecode.swift; path = TimeAttackGameViewModel.swift; sourceTree = "<group>"; };
		2BC9A4434CC837F87DA4F52D /* HangulSyllable.swift */ = {isa = PBXFileReference; lastKnownFileType = sourcecode.swift; path = HangulSyllable.swift; sourceTree = "<group>"; };
		3127C523BDBC4C4D8F20791C /* DailyWordProgressStore.swift */ = {isa = PBXFileReference; lastKnownFileType = sourcecode.swift; path = DailyWordProgressStore.swift; sourceTree = "<group>"; };
		3BE3E5E791834C4DBBDAB406 /* HomeView.swift */ = {isa = PBXFileReference; lastKnownFileType = sourcecode.swift; path = HomeView.swift; sourceTree = "<group>"; };
		3C185390A4BA44B0A96500F0 /* HangulAtomizer.swift */ = {isa = PBXFileReference; lastKnownFileType = sourcecode.swift; path = HangulAtomizer.swift; sourceTree = "<group>"; };
		3CB72979AB084C0ABBCAFEA7 /* TimeAttackHighScoreStore.swift */ = {isa = PBXFileReference; lastKnownFileType = sourcecode.swift; path = TimeAttackHighScoreStore.swift; sourceTree = "<group>"; };
		3D3A62FCBBCA4FA1B8853D7D /* EndlessGameViewModel.swift */ = {isa = PBXFileReference; lastKnownFileType = sourcecode.swift; path = EndlessGameViewModel.swift; sourceTree = "<group>"; };
		47DC8736F5D740FBA605E04C /* validGuesses_5.json */ = {isa = PBXFileReference; lastKnownFileType = text.json; path = validGuesses_5.json; sourceTree = "<group>"; };
		513A5BBCCC5D4769A4995A95 /* HangulComposer.swift */ = {isa = PBXFileReference; lastKnownFileType = sourcecode.swift; path = HangulComposer.swift; sourceTree = "<group>"; };
		5DCC65C0EFC143AFBCA620D9 /* TimeAttackModeView.swift */ = {isa = PBXFileReference; lastKnownFileType = sourcecode.swift; path = TimeAttackModeView.swift; sourceTree = "<group>"; };
		5E9ACE5784FD4442B6471E83 /* GameKeyboardView.swift */ = {isa = PBXFileReference; lastKnownFileType = sourcecode.swift; path = GameKeyboardView.swift; sourceTree = "<group>"; };
		6B63824BB331399522445215 /* WordComparer.swift */ = {isa = PBXFileReference; lastKnownFileType = sourcecode.swift; path = WordComparer.swift; sourceTree = "<group>"; };
		768FDE2AFCDD4E73A52CBD72 /* answers_5.json */ = {isa = PBXFileReference; lastKnownFileType = text.json; path = answers_5.json; sourceTree = "<group>"; };
		893A3DE23028CAAD000FF826 /* GoogleService-Info.plist */ = {isa = PBXFileReference; lastKnownFileType = text.plist.xml; path = "GoogleService-Info.plist"; sourceTree = "<group>"; };
		89C3C6843010B6BC0072E066 /* Kkodle.app */ = {isa = PBXFileReference; explicitFileType = wrapper.application; includeInIndex = 0; path = Kkodle.app; sourceTree = BUILT_PRODUCTS_DIR; };
		89C3C6983010C0570072E066 /* Assets.xcassets */ = {isa = PBXFileReference; lastKnownFileType = folder.assetcatalog; path = Assets.xcassets; sourceTree = "<group>"; };
		89C3C69A3010C0570072E066 /* KkodleApp.swift */ = {isa = PBXFileReference; lastKnownFileType = sourcecode.swift; path = KkodleApp.swift; sourceTree = "<group>"; };
		8CC7A4C4C5BBD4A8E6E13331 /* LetterHint.swift */ = {isa = PBXFileReference; lastKnownFileType = sourcecode.swift; path = LetterHint.swift; sourceTree = "<group>"; };
		8EA8F9FFF2394700AD213C4B /* GameViewModel.swift */ = {isa = PBXFileReference; lastKnownFileType = sourcecode.swift; path = GameViewModel.swift; sourceTree = "<group>"; };
		9C92F27DBF6F4E27A4CDE28F /* WordRepository.swift */ = {isa = PBXFileReference; lastKnownFileType = sourcecode.swift; path = WordRepository.swift; sourceTree = "<group>"; };
		A7E2F7E86B3A45EEA94205B2 /* HeartsStore.swift */ = {isa = PBXFileReference; lastKnownFileType = sourcecode.swift; path = HeartsStore.swift; sourceTree = "<group>"; };
		585BFF422BA5468F939ECED8 /* AuthService.swift */ = {isa = PBXFileReference; lastKnownFileType = sourcecode.swift; path = AuthService.swift; sourceTree = "<group>"; };
		FDD7CB42E8B947F98431EA91 /* BattleRoomState.swift */ = {isa = PBXFileReference; lastKnownFileType = sourcecode.swift; path = BattleRoomState.swift; sourceTree = "<group>"; };
		FAF1A5C475D14139A4BC21B7 /* BattleRoomService.swift */ = {isa = PBXFileReference; lastKnownFileType = sourcecode.swift; path = BattleRoomService.swift; sourceTree = "<group>"; };
		C8BBB122289A4F718AFD8198 /* EndlessModeView.swift */ = {isa = PBXFileReference; lastKnownFileType = sourcecode.swift; path = EndlessModeView.swift; sourceTree = "<group>"; };
		C9687487A8FB4885935FF914 /* GameGridView.swift */ = {isa = PBXFileReference; lastKnownFileType = sourcecode.swift; path = GameGridView.swift; sourceTree = "<group>"; };
		EE34726A34818284142181E7 /* HangulJamoExploder.swift */ = {isa = PBXFileReference; lastKnownFileType = sourcecode.swift; path = HangulJamoExploder.swift; sourceTree = "<group>"; };
		F004E85B75CA4850B36758A3 /* HeartsIndicatorView.swift */ = {isa = PBXFileReference; lastKnownFileType = sourcecode.swift; path = HeartsIndicatorView.swift; sourceTree = "<group>"; };
/* End PBXFileReference section */

/* Begin PBXFrameworksBuildPhase section */
		89C3C6813010B6BC0072E066 /* Frameworks */ = {
			isa = PBXFrameworksBuildPhase;
			buildActionMask = 2147483647;
			files = (
				893A3DEA3028CB61000FF826 /* FirebaseDatabase in Frameworks */,
				893A3DE83028CB61000FF826 /* FirebaseCore in Frameworks */,
				893A3DE63028CB61000FF826 /* FirebaseAuth in Frameworks */,
			);
			runOnlyForDeploymentPostprocessing = 0;
		};
/* End PBXFrameworksBuildPhase section */

/* Begin PBXGroup section */
		28E6397F8BA046DAAF48CDF5 /* Game */ = {
			isa = PBXGroup;
			children = (
				8EA8F9FFF2394700AD213C4B /* GameViewModel.swift */,
				C9687487A8FB4885935FF914 /* GameGridView.swift */,
				5E9ACE5784FD4442B6471E83 /* GameKeyboardView.swift */,
				1990422750D74195BA6CB6B8 /* GameResultOverlay.swift */,
				F004E85B75CA4850B36758A3 /* HeartsIndicatorView.swift */,
			);
			path = Game;
			sourceTree = "<group>";
		};
		67650D101C864547AC30E20F /* Resources */ = {
			isa = PBXGroup;
			children = (
				768FDE2AFCDD4E73A52CBD72 /* answers_5.json */,
				47DC8736F5D740FBA605E04C /* validGuesses_5.json */,
			);
			path = Resources;
			sourceTree = "<group>";
		};
		6D6A982ABEAD44C791FCE553 /* Endless */ = {
			isa = PBXGroup;
			children = (
				3D3A62FCBBCA4FA1B8853D7D /* EndlessGameViewModel.swift */,
				C8BBB122289A4F718AFD8198 /* EndlessModeView.swift */,
			);
			path = Endless;
			sourceTree = "<group>";
		};
		6D888F215582A7B03DB2239B /* Core */ = {
			isa = PBXGroup;
			children = (
				2BC9A4434CC837F87DA4F52D /* HangulSyllable.swift */,
				EE34726A34818284142181E7 /* HangulJamoExploder.swift */,
				8CC7A4C4C5BBD4A8E6E13331 /* LetterHint.swift */,
				6B63824BB331399522445215 /* WordComparer.swift */,
				3C185390A4BA44B0A96500F0 /* HangulAtomizer.swift */,
				513A5BBCCC5D4769A4995A95 /* HangulComposer.swift */,
				9C92F27DBF6F4E27A4CDE28F /* WordRepository.swift */,
				A7E2F7E86B3A45EEA94205B2 /* HeartsStore.swift */,
				585BFF422BA5468F939ECED8 /* AuthService.swift */,
				FDD7CB42E8B947F98431EA91 /* BattleRoomState.swift */,
				FAF1A5C475D14139A4BC21B7 /* BattleRoomService.swift */,
				0914B65A265243698CD603D1 /* EndlessHighScoreStore.swift */,
				3127C523BDBC4C4D8F20791C /* DailyWordProgressStore.swift */,
				3CB72979AB084C0ABBCAFEA7 /* TimeAttackHighScoreStore.swift */,
			);
			path = Core;
			sourceTree = "<group>";
		};
		89C3C67B3010B6BC0072E066 = {
			isa = PBXGroup;
			children = (
				89C3C69B3010C0570072E066 /* Kkodle */,
				89C3C6853010B6BC0072E066 /* Products */,
			);
			sourceTree = "<group>";
		};
		89C3C6853010B6BC0072E066 /* Products */ = {
			isa = PBXGroup;
			children = (
				89C3C6843010B6BC0072E066 /* Kkodle.app */,
			);
			name = Products;
			sourceTree = "<group>";
		};
		89C3C69B3010C0570072E066 /* Kkodle */ = {
			isa = PBXGroup;
			children = (
				893A3DE23028CAAD000FF826 /* GoogleService-Info.plist */,
				89C3C6983010C0570072E066 /* Assets.xcassets */,
				89C3C69A3010C0570072E066 /* KkodleApp.swift */,
				6D888F215582A7B03DB2239B /* Core */,
				B127E47838CA41AAB9537C54 /* Features */,
				67650D101C864547AC30E20F /* Resources */,
			);
			path = Kkodle;
			sourceTree = "<group>";
		};
		B127E47838CA41AAB9537C54 /* Features */ = {
			isa = PBXGroup;
			children = (
				28E6397F8BA046DAAF48CDF5 /* Game */,
				CEF56320A96B4F1CBF5E2261 /* Home */,
				B545BD264B2540959259C771 /* DailyWord */,
				6D6A982ABEAD44C791FCE553 /* Endless */,
				D82E18016C3F482884AED0A9 /* TimeAttack */,
			);
			path = Features;
			sourceTree = "<group>";
		};
		B545BD264B2540959259C771 /* DailyWord */ = {
			isa = PBXGroup;
			children = (
				03E94EF25DB044EEBD3DFB2F /* DailyWordView.swift */,
			);
			path = DailyWord;
			sourceTree = "<group>";
		};
		CEF56320A96B4F1CBF5E2261 /* Home */ = {
			isa = PBXGroup;
			children = (
				3BE3E5E791834C4DBBDAB406 /* HomeView.swift */,
			);
			path = Home;
			sourceTree = "<group>";
		};
		D82E18016C3F482884AED0A9 /* TimeAttack */ = {
			isa = PBXGroup;
			children = (
				25EBFEDE485C42E888EC3B2A /* TimeAttackGameViewModel.swift */,
				5DCC65C0EFC143AFBCA620D9 /* TimeAttackModeView.swift */,
			);
			path = TimeAttack;
			sourceTree = "<group>";
		};
/* End PBXGroup section */

/* Begin PBXNativeTarget section */
		89C3C6833010B6BC0072E066 /* Kkodle */ = {
			isa = PBXNativeTarget;
			buildConfigurationList = 89C3C68F3010B6BE0072E066 /* Build configuration list for PBXNativeTarget "Kkodle" */;
			buildPhases = (
				89C3C6803010B6BC0072E066 /* Sources */,
				89C3C6813010B6BC0072E066 /* Frameworks */,
				89C3C6823010B6BC0072E066 /* Resources */,
			);
			buildRules = (
			);
			dependencies = (
			);
			name = Kkodle;
			packageProductDependencies = (
				893A3DE53028CB61000FF826 /* FirebaseAuth */,
				893A3DE73028CB61000FF826 /* FirebaseCore */,
				893A3DE93028CB61000FF826 /* FirebaseDatabase */,
			);
			productName = Kkodle;
			productReference = 89C3C6843010B6BC0072E066 /* Kkodle.app */;
			productType = "com.apple.product-type.application";
		};
/* End PBXNativeTarget section */

/* Begin PBXProject section */
		89C3C67C3010B6BC0072E066 /* Project object */ = {
			isa = PBXProject;
			attributes = {
				BuildIndependentTargetsInParallel = 1;
				LastSwiftUpdateCheck = 2660;
				LastUpgradeCheck = 2660;
				TargetAttributes = {
					89C3C6833010B6BC0072E066 = {
						CreatedOnToolsVersion = 26.6;
					};
				};
			};
			buildConfigurationList = 89C3C67F3010B6BC0072E066 /* Build configuration list for PBXProject "Kkodle" */;
			developmentRegion = en;
			hasScannedForEncodings = 0;
			knownRegions = (
				en,
				Base,
			);
			mainGroup = 89C3C67B3010B6BC0072E066;
			minimizedProjectReferenceProxies = 1;
			packageReferences = (
				893A3DE43028CB61000FF826 /* XCRemoteSwiftPackageReference "firebase-ios-sdk" */,
			);
			preferredProjectObjectVersion = 77;
			productRefGroup = 89C3C6853010B6BC0072E066 /* Products */;
			projectDirPath = "";
			projectRoot = "";
			targets = (
				89C3C6833010B6BC0072E066 /* Kkodle */,
			);
		};
/* End PBXProject section */

/* Begin PBXResourcesBuildPhase section */
		89C3C6823010B6BC0072E066 /* Resources */ = {
			isa = PBXResourcesBuildPhase;
			buildActionMask = 2147483647;
			files = (
				89C3C69C3010C0570072E066 /* Assets.xcassets in Resources */,
				893A3DE33028CAAD000FF826 /* GoogleService-Info.plist in Resources */,
				648B046F17924B6F8CCB5A4E /* answers_5.json in Resources */,
				914EE66130C44FB3961AF733 /* validGuesses_5.json in Resources */,
			);
			runOnlyForDeploymentPostprocessing = 0;
		};
/* End PBXResourcesBuildPhase section */

/* Begin PBXSourcesBuildPhase section */
		89C3C6803010B6BC0072E066 /* Sources */ = {
			isa = PBXSourcesBuildPhase;
			buildActionMask = 2147483647;
			files = (
				AF33DCA08C0B45B6905EB174 /* HomeView.swift in Sources */,
				F2D70F5526024CBF96367B10 /* DailyWordView.swift in Sources */,
				89C3C69E3010C0570072E066 /* KkodleApp.swift in Sources */,
				75BC855A03E046A894D34A09 /* HangulSyllable.swift in Sources */,
				4D699754BF178521A0CC4B89 /* HangulJamoExploder.swift in Sources */,
				719A3CEDA617CE7B421CB3E9 /* LetterHint.swift in Sources */,
				F47F7D4E783B3B20C10D80E6 /* WordComparer.swift in Sources */,
				7A912BC826E4411B81E4E3DD /* HangulAtomizer.swift in Sources */,
				CE64AA9AD5C540559A38EE67 /* HangulComposer.swift in Sources */,
				174284B831AE40A09FFAFC92 /* GameViewModel.swift in Sources */,
				EEACBEAF519245B49CC448CE /* GameGridView.swift in Sources */,
				AFDCC16D4C85459DA4AC30EC /* GameKeyboardView.swift in Sources */,
				AB017CF77A5D4C41881EDC62 /* WordRepository.swift in Sources */,
				FEB31ABF2DEF41FB8E66CDC7 /* GameResultOverlay.swift in Sources */,
				04415D201B434796858A450A /* HeartsStore.swift in Sources */,
				E0507F07E1AD4E5CAC7CF7F5 /* AuthService.swift in Sources */,
				CA270D68CBFF4117B041339B /* BattleRoomState.swift in Sources */,
				D9ACEB7DAAAE442185FC0D07 /* BattleRoomService.swift in Sources */,
				25C53C8790984E00AF165AC8 /* TimeAttackHighScoreStore.swift in Sources */,
				BF62A211F32940E69EB3086C /* TimeAttackGameViewModel.swift in Sources */,
				4077BDE0644D4B2C8CE767A0 /* TimeAttackModeView.swift in Sources */,
				E966AE57062B43129274A566 /* DailyWordProgressStore.swift in Sources */,
				F90FD21C25DD4244902236B5 /* EndlessHighScoreStore.swift in Sources */,
				76D86ED7637D449B832B5F5F /* HeartsIndicatorView.swift in Sources */,
				E15CFA82C6D7493F9E924FB6 /* EndlessGameViewModel.swift in Sources */,
				B870CEBFCAB14979A884BC79 /* EndlessModeView.swift in Sources */,
			);
			runOnlyForDeploymentPostprocessing = 0;
		};
/* End PBXSourcesBuildPhase section */

/* Begin XCBuildConfiguration section */
		89C3C68D3010B6BE0072E066 /* Debug */ = {
			isa = XCBuildConfiguration;
			buildSettings = {
				ALWAYS_SEARCH_USER_PATHS = NO;
				ASSETCATALOG_COMPILER_GENERATE_SWIFT_ASSET_SYMBOL_EXTENSIONS = YES;
				CLANG_ANALYZER_NONNULL = YES;
				CLANG_ANALYZER_NUMBER_OBJECT_CONVERSION = YES_AGGRESSIVE;
				CLANG_CXX_LANGUAGE_STANDARD = "gnu++20";
				CLANG_ENABLE_MODULES = YES;
				CLANG_ENABLE_OBJC_ARC = YES;
				CLANG_ENABLE_OBJC_WEAK = YES;
				CLANG_WARN_BLOCK_CAPTURE_AUTORELEASING = YES;
				CLANG_WARN_BOOL_CONVERSION = YES;
				CLANG_WARN_COMMA = YES;
				CLANG_WARN_CONSTANT_CONVERSION = YES;
				CLANG_WARN_DEPRECATED_OBJC_IMPLEMENTATIONS = YES;
				CLANG_WARN_DIRECT_OBJC_ISA_USAGE = YES_ERROR;
				CLANG_WARN_DOCUMENTATION_COMMENTS = YES;
				CLANG_WARN_EMPTY_BODY = YES;
				CLANG_WARN_ENUM_CONVERSION = YES;
				CLANG_WARN_INFINITE_RECURSION = YES;
				CLANG_WARN_INT_CONVERSION = YES;
				CLANG_WARN_NON_LITERAL_NULL_CONVERSION = YES;
				CLANG_WARN_OBJC_IMPLICIT_RETAIN_SELF = YES;
				CLANG_WARN_OBJC_LITERAL_CONVERSION = YES;
				CLANG_WARN_OBJC_ROOT_CLASS = YES_ERROR;
				CLANG_WARN_QUOTED_INCLUDE_IN_FRAMEWORK_HEADER = YES;
				CLANG_WARN_RANGE_LOOP_ANALYSIS = YES;
				CLANG_WARN_STRICT_PROTOTYPES = YES;
				CLANG_WARN_SUSPICIOUS_MOVE = YES;
				CLANG_WARN_UNGUARDED_AVAILABILITY = YES_AGGRESSIVE;
				CLANG_WARN_UNREACHABLE_CODE = YES;
				CLANG_WARN__DUPLICATE_METHOD_MATCH = YES;
				COPY_PHASE_STRIP = NO;
				DEBUG_INFORMATION_FORMAT = dwarf;
				ENABLE_STRICT_OBJC_MSGSEND = YES;
				ENABLE_TESTABILITY = YES;
				ENABLE_USER_SCRIPT_SANDBOXING = YES;
				GCC_C_LANGUAGE_STANDARD = gnu17;
				GCC_DYNAMIC_NO_PIC = NO;
				GCC_NO_COMMON_BLOCKS = YES;
				GCC_OPTIMIZATION_LEVEL = 0;
				GCC_PREPROCESSOR_DEFINITIONS = (
					"DEBUG=1",
					"$(inherited)",
				);
				GCC_WARN_64_TO_32_BIT_CONVERSION = YES;
				GCC_WARN_ABOUT_RETURN_TYPE = YES_ERROR;
				GCC_WARN_UNDECLARED_SELECTOR = YES;
				GCC_WARN_UNINITIALIZED_AUTOS = YES_AGGRESSIVE;
				GCC_WARN_UNUSED_FUNCTION = YES;
				GCC_WARN_UNUSED_VARIABLE = YES;
				IPHONEOS_DEPLOYMENT_TARGET = 26.5;
				LOCALIZATION_PREFERS_STRING_CATALOGS = YES;
				MTL_ENABLE_DEBUG_INFO = INCLUDE_SOURCE;
				MTL_FAST_MATH = YES;
				ONLY_ACTIVE_ARCH = YES;
				SDKROOT = iphoneos;
				SWIFT_ACTIVE_COMPILATION_CONDITIONS = "DEBUG $(inherited)";
				SWIFT_OPTIMIZATION_LEVEL = "-Onone";
			};
			name = Debug;
		};
		89C3C68E3010B6BE0072E066 /* Release */ = {
			isa = XCBuildConfiguration;
			buildSettings = {
				ALWAYS_SEARCH_USER_PATHS = NO;
				ASSETCATALOG_COMPILER_GENERATE_SWIFT_ASSET_SYMBOL_EXTENSIONS = YES;
				CLANG_ANALYZER_NONNULL = YES;
				CLANG_ANALYZER_NUMBER_OBJECT_CONVERSION = YES_AGGRESSIVE;
				CLANG_CXX_LANGUAGE_STANDARD = "gnu++20";
				CLANG_ENABLE_MODULES = YES;
				CLANG_ENABLE_OBJC_ARC = YES;
				CLANG_ENABLE_OBJC_WEAK = YES;
				CLANG_WARN_BLOCK_CAPTURE_AUTORELEASING = YES;
				CLANG_WARN_BOOL_CONVERSION = YES;
				CLANG_WARN_COMMA = YES;
				CLANG_WARN_CONSTANT_CONVERSION = YES;
				CLANG_WARN_DEPRECATED_OBJC_IMPLEMENTATIONS = YES;
				CLANG_WARN_DIRECT_OBJC_ISA_USAGE = YES_ERROR;
				CLANG_WARN_DOCUMENTATION_COMMENTS = YES;
				CLANG_WARN_EMPTY_BODY = YES;
				CLANG_WARN_ENUM_CONVERSION = YES;
				CLANG_WARN_INFINITE_RECURSION = YES;
				CLANG_WARN_INT_CONVERSION = YES;
				CLANG_WARN_NON_LITERAL_NULL_CONVERSION = YES;
				CLANG_WARN_OBJC_IMPLICIT_RETAIN_SELF = YES;
				CLANG_WARN_OBJC_LITERAL_CONVERSION = YES;
				CLANG_WARN_OBJC_ROOT_CLASS = YES_ERROR;
				CLANG_WARN_QUOTED_INCLUDE_IN_FRAMEWORK_HEADER = YES;
				CLANG_WARN_RANGE_LOOP_ANALYSIS = YES;
				CLANG_WARN_STRICT_PROTOTYPES = YES;
				CLANG_WARN_SUSPICIOUS_MOVE = YES;
				CLANG_WARN_UNGUARDED_AVAILABILITY = YES_AGGRESSIVE;
				CLANG_WARN_UNREACHABLE_CODE = YES;
				CLANG_WARN__DUPLICATE_METHOD_MATCH = YES;
				COPY_PHASE_STRIP = NO;
				DEBUG_INFORMATION_FORMAT = "dwarf-with-dsym";
				ENABLE_NS_ASSERTIONS = NO;
				ENABLE_STRICT_OBJC_MSGSEND = YES;
				ENABLE_USER_SCRIPT_SANDBOXING = YES;
				GCC_C_LANGUAGE_STANDARD = gnu17;
				GCC_NO_COMMON_BLOCKS = YES;
				GCC_WARN_64_TO_32_BIT_CONVERSION = YES;
				GCC_WARN_ABOUT_RETURN_TYPE = YES_ERROR;
				GCC_WARN_UNDECLARED_SELECTOR = YES;
				GCC_WARN_UNINITIALIZED_AUTOS = YES_AGGRESSIVE;
				GCC_WARN_UNUSED_FUNCTION = YES;
				GCC_WARN_UNUSED_VARIABLE = YES;
				IPHONEOS_DEPLOYMENT_TARGET = 26.5;
				LOCALIZATION_PREFERS_STRING_CATALOGS = YES;
				MTL_ENABLE_DEBUG_INFO = NO;
				MTL_FAST_MATH = YES;
				SDKROOT = iphoneos;
				SWIFT_COMPILATION_MODE = wholemodule;
				VALIDATE_PRODUCT = YES;
			};
			name = Release;
		};
		89C3C6903010B6BE0072E066 /* Debug */ = {
			isa = XCBuildConfiguration;
			buildSettings = {
				ASSETCATALOG_COMPILER_APPICON_NAME = AppIcon;
				ASSETCATALOG_COMPILER_GLOBAL_ACCENT_COLOR_NAME = AccentColor;
				CODE_SIGN_STYLE = Automatic;
				CURRENT_PROJECT_VERSION = 1;
				DEVELOPMENT_TEAM = K4Y3BP25BV;
				ENABLE_PREVIEWS = YES;
				GENERATE_INFOPLIST_FILE = YES;
				INFOPLIST_KEY_UIApplicationSceneManifest_Generation = YES;
				INFOPLIST_KEY_UIApplicationSupportsIndirectInputEvents = YES;
				INFOPLIST_KEY_UILaunchScreen_Generation = YES;
				INFOPLIST_KEY_UISupportedInterfaceOrientations_iPad = "UIInterfaceOrientationPortrait UIInterfaceOrientationPortraitUpsideDown UIInterfaceOrientationLandscapeLeft UIInterfaceOrientationLandscapeRight";
				INFOPLIST_KEY_UISupportedInterfaceOrientations_iPhone = "UIInterfaceOrientationPortrait UIInterfaceOrientationLandscapeLeft UIInterfaceOrientationLandscapeRight";
				LD_RUNPATH_SEARCH_PATHS = (
					"$(inherited)",
					"@executable_path/Frameworks",
				);
				MARKETING_VERSION = 1.0;
				PRODUCT_BUNDLE_IDENTIFIER = com.jang.Kkodle;
				PRODUCT_NAME = "$(TARGET_NAME)";
				STRING_CATALOG_GENERATE_SYMBOLS = YES;
				SWIFT_APPROACHABLE_CONCURRENCY = YES;
				SWIFT_DEFAULT_ACTOR_ISOLATION = MainActor;
				SWIFT_EMIT_LOC_STRINGS = YES;
				SWIFT_UPCOMING_FEATURE_MEMBER_IMPORT_VISIBILITY = YES;
				SWIFT_VERSION = 5.0;
				TARGETED_DEVICE_FAMILY = "1,2";
			};
			name = Debug;
		};
		89C3C6913010B6BE0072E066 /* Release */ = {
			isa = XCBuildConfiguration;
			buildSettings = {
				ASSETCATALOG_COMPILER_APPICON_NAME = AppIcon;
				ASSETCATALOG_COMPILER_GLOBAL_ACCENT_COLOR_NAME = AccentColor;
				CODE_SIGN_STYLE = Automatic;
				CURRENT_PROJECT_VERSION = 1;
				DEVELOPMENT_TEAM = K4Y3BP25BV;
				ENABLE_PREVIEWS = YES;
				GENERATE_INFOPLIST_FILE = YES;
				INFOPLIST_KEY_UIApplicationSceneManifest_Generation = YES;
				INFOPLIST_KEY_UIApplicationSupportsIndirectInputEvents = YES;
				INFOPLIST_KEY_UILaunchScreen_Generation = YES;
				INFOPLIST_KEY_UISupportedInterfaceOrientations_iPad = "UIInterfaceOrientationPortrait UIInterfaceOrientationPortraitUpsideDown UIInterfaceOrientationLandscapeLeft UIInterfaceOrientationLandscapeRight";
				INFOPLIST_KEY_UISupportedInterfaceOrientations_iPhone = "UIInterfaceOrientationPortrait UIInterfaceOrientationLandscapeLeft UIInterfaceOrientationLandscapeRight";
				LD_RUNPATH_SEARCH_PATHS = (
					"$(inherited)",
					"@executable_path/Frameworks",
				);
				MARKETING_VERSION = 1.0;
				PRODUCT_BUNDLE_IDENTIFIER = com.jang.Kkodle;
				PRODUCT_NAME = "$(TARGET_NAME)";
				STRING_CATALOG_GENERATE_SYMBOLS = YES;
				SWIFT_APPROACHABLE_CONCURRENCY = YES;
				SWIFT_DEFAULT_ACTOR_ISOLATION = MainActor;
				SWIFT_EMIT_LOC_STRINGS = YES;
				SWIFT_UPCOMING_FEATURE_MEMBER_IMPORT_VISIBILITY = YES;
				SWIFT_VERSION = 5.0;
				TARGETED_DEVICE_FAMILY = "1,2";
			};
			name = Release;
		};
/* End XCBuildConfiguration section */

/* Begin XCConfigurationList section */
		89C3C67F3010B6BC0072E066 /* Build configuration list for PBXProject "Kkodle" */ = {
			isa = XCConfigurationList;
			buildConfigurations = (
				89C3C68D3010B6BE0072E066 /* Debug */,
				89C3C68E3010B6BE0072E066 /* Release */,
			);
			defaultConfigurationIsVisible = 0;
			defaultConfigurationName = Release;
		};
		89C3C68F3010B6BE0072E066 /* Build configuration list for PBXNativeTarget "Kkodle" */ = {
			isa = XCConfigurationList;
			buildConfigurations = (
				89C3C6903010B6BE0072E066 /* Debug */,
				89C3C6913010B6BE0072E066 /* Release */,
			);
			defaultConfigurationIsVisible = 0;
			defaultConfigurationName = Release;
		};
/* End XCConfigurationList section */

/* Begin XCRemoteSwiftPackageReference section */
		893A3DE43028CB61000FF826 /* XCRemoteSwiftPackageReference "firebase-ios-sdk" */ = {
			isa = XCRemoteSwiftPackageReference;
			repositoryURL = "https://github.com/firebase/firebase-ios-sdk.git";
			requirement = {
				kind = upToNextMajorVersion;
				minimumVersion = 12.17.0;
			};
		};
/* End XCRemoteSwiftPackageReference section */

/* Begin XCSwiftPackageProductDependency section */
		893A3DE53028CB61000FF826 /* FirebaseAuth */ = {
			isa = XCSwiftPackageProductDependency;
			package = 893A3DE43028CB61000FF826 /* XCRemoteSwiftPackageReference "firebase-ios-sdk" */;
			productName = FirebaseAuth;
		};
		893A3DE73028CB61000FF826 /* FirebaseCore */ = {
			isa = XCSwiftPackageProductDependency;
			package = 893A3DE43028CB61000FF826 /* XCRemoteSwiftPackageReference "firebase-ios-sdk" */;
			productName = FirebaseCore;
		};
		893A3DE93028CB61000FF826 /* FirebaseDatabase */ = {
			isa = XCSwiftPackageProductDependency;
			package = 893A3DE43028CB61000FF826 /* XCRemoteSwiftPackageReference "firebase-ios-sdk" */;
			productName = FirebaseDatabase;
		};
/* End XCSwiftPackageProductDependency section */
	};
	rootObject = 89C3C67C3010B6BC0072E066 /* Project object */;
}
